
Microsoft Visual Studio Solution File, Format Version 12.00
# Visual Studio Version 16
VisualStudioVersion = 16.0.30907.101
MinimumVisualStudioVersion = 10.0.40219.1
Project("{FAE04EC0-301F-11D3-BF4B-00C04F79EFBC}") = "App32", "App32\App32.csproj", "{CC049D3B-45EB-4569-B06B-C9C91FAEBE52}"
EndProject
Global
	GlobalSection(SolutionConfigurationPlatforms) = preSolution
		Debug|ARM = Debug|ARM
		Debug|ARM64 = Debug|ARM64
		Debug|x64 = Debug|x64
		Debug|x86 = Debug|x86
		Release|ARM = Release|ARM
		Release|ARM64 = Release|ARM64
		Release|x64 = Release|x64
		Release|x86 = Release|x86
	EndGlobalSection
	GlobalSection(ProjectConfigurationPlatforms) = postSolution
		{CC049D3B-45EB-4569-B06B-C9C91FAEBE52}.Debug|ARM.ActiveCfg = Debug|ARM
		{CC049D3B-45EB-4569-B06B-C9C91FAEBE52}.Debug|ARM.Build.0 = Debug|ARM
		{CC049D3B-45EB-4569-B06B-C9C91FAEBE52}.Debug|ARM.Deploy.0 = Debug|ARM
		{CC049D3B-45EB-4569-B06B-C9C91FAEBE52}.Debug|ARM64.ActiveCfg = Debug|ARM64
		{CC049D3B-45EB-4569-B06B-C9C91FAEBE52}.Debug|ARM64.Build.0 = Debug|ARM64
		{CC049D3B-45EB-4569-B06B-C9C91FAEBE52}.Debug|ARM64.Deploy.0 = Debug|ARM64
		{CC049D3B-45EB-4569-B06B-C9C91FAEBE52}.Debug|x64.ActiveCfg = Debug|x64
		{CC049D3B-45EB-4569-B06B-C9C91FAEBE52}.Debug|x64.Build.0 = Debug|x64
		{CC049D3B-45EB-4569-B06B-C9C91FAEBE52}.Debug|x64.Deploy.0 = Debug|x64
		{CC049D3B-45EB-4569-B06B-C9C91FAEBE52}.Debug|x86.ActiveCfg = Debug|x86
		{CC049D3B-45EB-4569-B06B-C9C91FAEBE52}.Debug|x86.Build.0 = Debug|x86
		{CC049D3B-45EB-4569-B06B-C9C91FAEBE52}.Debug|x86.Deploy.0 = Debug|x86
		{CC049D3B-45EB-4569-B06B-C9C91FAEBE52}.Release|ARM.ActiveCfg = Release|ARM
		{CC049D3B-45EB-4569-B06B-C9C91FAEBE52}.Release|ARM.Build.0 = Release|ARM
		{CC049D3B-45EB-4569-B06B-C9C91FAEBE52}.Release|ARM.Deploy.0 = Release|ARM
		{CC049D3B-45EB-4569-B06B-C9C91FAEBE52}.Release|ARM64.ActiveCfg = Release|ARM64
		{CC049D3B-45EB-4569-B06B-C9C91FAEBE52}.Release|ARM64.Build.0 = Release|ARM64
		{CC049D3B-45EB-4569-B06B-C9C91FAEBE52}.Release|ARM64.Deploy.0 = Release|ARM64
		{CC049D3B-45EB-4569-B06B-C9C91FAEBE52}.Release|x64.ActiveCfg = Release|x64
		{CC049D3B-45EB-4569-B06B-C9C91FAEBE52}.Release|x64.Build.0 = Release|x64
		{CC049D3B-45EB-4569-B06B-C9C91FAEBE52}.Release|x64.Deploy.0 = Release|x64
		{CC049D3B-45EB-4569-B06B-C9C91FAEBE52}.Release|x86.ActiveCfg = Release|x86
		{CC049D3B-45EB-4569-B06B-C9C91FAEBE52}.Release|x86.Build.0 = Release|x86
		{CC049D3B-45EB-4569-B06B-C9C91FAEBE52}.Release|x86.Deploy.0 = Release|x86
	EndGlobalSection
	GlobalSection(SolutionProperties) = preSolution
		HideSolutionNode = FALSE
	EndGlobalSection
	GlobalSection(ExtensibilityGlobals) = postSolution
		SolutionGuid = {4ED68812-576B-4B85-9386-2532CEA43CFC}
	EndGlobalSection
EndGlobal
